
Microsoft Visual Studio Solution File, Format Version 12.00
# Visual Studio Version 17
VisualStudioVersion = 17.0.32014.148
MinimumVisualStudioVersion = 10.0.40219.1
Project("{9A19103F-16F7-4668-BE54-9A1E7A4F7556}") = "BBD.BodyMonitor.API", "BBD.BodyMonitor.API\BBD.BodyMonitor.API.csproj", "{AEE7DE3C-ABA2-4BA2-8233-453F75D73B61}"
EndProject
Project("{9A19103F-16F7-4668-BE54-9A1E7A4F7556}") = "BBD.BodyMonitor", "BBD.BodyMonitor\BBD.BodyMonitor.csproj", "{618504D6-F178-4DC4-BF09-8264AEDEE2B7}"
EndProject
Project("{9A19103F-16F7-4668-BE54-9A1E7A4F7556}") = "Fitbit.Portable", "Fitbit.Portable\Fitbit.Portable.csproj", "{E5CFD3AF-E85A-44CE-BD48-C02AE5D5E748}"
EndProject
Project("{9A19103F-16F7-4668-BE54-9A1E7A4F7556}") = "EDF", "EDF\EDF\EDF.csproj", "{0D205FE1-39A5-4F6E-A570-553469445F05}"
EndProject
Project("{9A19103F-16F7-4668-BE54-9A1E7A4F7556}") = "BBD.BodyMonitor.Web", "BBD.BodyMonitor.Web\BBD.BodyMonitor.Web.csproj", "{7C52CFEC-52BB-42EE-825D-5DC1E22D7848}"
EndProject
Project("{FAE04EC0-301F-11D3-BF4B-00C04F79EFBC}") = "BBD.BodyMonitor.Tests", "BBD.BodyMonitor.Tests\BBD.BodyMonitor.Tests.csproj", "{140005B3-43E4-45C9-9B16-5F514F576CEB}"
EndProject
Project("{FAE04EC0-301F-11D3-BF4B-00C04F79EFBC}") = "BBD.BodyMonitor.API.Tests", "BBD.BodyMonitor.API.Tests\BBD.BodyMonitor.API.Tests.csproj", "{A3F1F7A9-F1B0-4E22-B453-DD8BFE461BC2}"
EndProject
Project("{FAE04EC0-301F-11D3-BF4B-00C04F79EFBC}") = "BBD.BodyMonitor.Web.Tests", "BBD.BodyMonitor.Web.Tests\BBD.BodyMonitor.Web.Tests.csproj", "{F63318C6-0DC3-4169-8A19-49837D1B1CC4}"
EndProject
Project("{FAE04EC0-301F-11D3-BF4B-00C04F79EFBC}") = "Fitbit.Portable.Tests", "Fitbit.Portable.Tests\Fitbit.Portable.Tests.csproj", "{DB35675E-4EED-4200-B3F1-42EC2CAAADEB}"
EndProject
Global
	GlobalSection(SolutionConfigurationPlatforms) = preSolution
		Debug|Any CPU = Debug|Any CPU
		Debug|x64 = Debug|x64
		Debug|x86 = Debug|x86
		Release|Any CPU = Release|Any CPU
		Release|x64 = Release|x64
		Release|x86 = Release|x86
	EndGlobalSection
	GlobalSection(ProjectConfigurationPlatforms) = postSolution
		{AEE7DE3C-ABA2-4BA2-8233-453F75D73B61}.Debug|Any CPU.ActiveCfg = Debug|Any CPU
		{AEE7DE3C-ABA2-4BA2-8233-453F75D73B61}.Debug|Any CPU.Build.0 = Debug|Any CPU
		{AEE7DE3C-ABA2-4BA2-8233-453F75D73B61}.Debug|x64.ActiveCfg = Debug|Any CPU
		{AEE7DE3C-ABA2-4BA2-8233-453F75D73B61}.Debug|x64.Build.0 = Debug|Any CPU
		{AEE7DE3C-ABA2-4BA2-8233-453F75D73B61}.Debug|x86.ActiveCfg = Debug|Any CPU
		{AEE7DE3C-ABA2-4BA2-8233-453F75D73B61}.Debug|x86.Build.0 = Debug|Any CPU
		{AEE7DE3C-ABA2-4BA2-8233-453F75D73B61}.Release|Any CPU.ActiveCfg = Release|Any CPU
		{AEE7DE3C-ABA2-4BA2-8233-453F75D73B61}.Release|Any CPU.Build.0 = Release|Any CPU
		{AEE7DE3C-ABA2-4BA2-8233-453F75D73B61}.Release|x64.ActiveCfg = Release|Any CPU
		{AEE7DE3C-ABA2-4BA2-8233-453F75D73B61}.Release|x64.Build.0 = Release|Any CPU
		{AEE7DE3C-ABA2-4BA2-8233-453F75D73B61}.Release|x86.ActiveCfg = Release|Any CPU
		{AEE7DE3C-ABA2-4BA2-8233-453F75D73B61}.Release|x86.Build.0 = Release|Any CPU
		{618504D6-F178-4DC4-BF09-8264AEDEE2B7}.Debug|Any CPU.ActiveCfg = Debug|Any CPU
		{618504D6-F178-4DC4-BF09-8264AEDEE2B7}.Debug|Any CPU.Build.0 = Debug|Any CPU
		{618504D6-F178-4DC4-BF09-8264AEDEE2B7}.Debug|x64.ActiveCfg = Debug|Any CPU
		{618504D6-F178-4DC4-BF09-8264AEDEE2B7}.Debug|x64.Build.0 = Debug|Any CPU
		{618504D6-F178-4DC4-BF09-8264AEDEE2B7}.Debug|x86.ActiveCfg = Debug|Any CPU
		{618504D6-F178-4DC4-BF09-8264AEDEE2B7}.Debug|x86.Build.0 = Debug|Any CPU
		{618504D6-F178-4DC4-BF09-8264AEDEE2B7}.Release|Any CPU.ActiveCfg = Release|Any CPU
		{618504D6-F178-4DC4-BF09-8264AEDEE2B7}.Release|Any CPU.Build.0 = Release|Any CPU
		{618504D6-F178-4DC4-BF09-8264AEDEE2B7}.Release|x64.ActiveCfg = Release|Any CPU
		{618504D6-F178-4DC4-BF09-8264AEDEE2B7}.Release|x64.Build.0 = Release|Any CPU
		{618504D6-F178-4DC4-BF09-8264AEDEE2B7}.Release|x86.ActiveCfg = Release|Any CPU
		{618504D6-F178-4DC4-BF09-8264AEDEE2B7}.Release|x86.Build.0 = Release|Any CPU
		{E5CFD3AF-E85A-44CE-BD48-C02AE5D5E748}.Debug|Any CPU.ActiveCfg = Debug|Any CPU
		{E5CFD3AF-E85A-44CE-BD48-C02AE5D5E748}.Debug|Any CPU.Build.0 = Debug|Any CPU
		{E5CFD3AF-E85A-44CE-BD48-C02AE5D5E748}.Debug|x64.ActiveCfg = Debug|x64
		{E5CFD3AF-E85A-44CE-BD48-C02AE5D5E748}.Debug|x64.Build.0 = Debug|x64
		{E5CFD3AF-E85A-44CE-BD48-C02AE5D5E748}.Debug|x86.ActiveCfg = Debug|Any CPU
		{E5CFD3AF-E85A-44CE-BD48-C02AE5D5E748}.Debug|x86.Build.0 = Debug|Any CPU
		{E5CFD3AF-E85A-44CE-BD48-C02AE5D5E748}.Release|Any CPU.ActiveCfg = Release|Any CPU
		{E5CFD3AF-E85A-44CE-BD48-C02AE5D5E748}.Release|Any CPU.Build.0 = Release|Any CPU
		{E5CFD3AF-E85A-44CE-BD48-C02AE5D5E748}.Release|x64.ActiveCfg = Release|x64
		{E5CFD3AF-E85A-44CE-BD48-C02AE5D5E748}.Release|x64.Build.0 = Release|x64
		{E5CFD3AF-E85A-44CE-BD48-C02AE5D5E748}.Release|x86.ActiveCfg = Release|Any CPU
		{E5CFD3AF-E85A-44CE-BD48-C02AE5D5E748}.Release|x86.Build.0 = Release|Any CPU
		{0D205FE1-39A5-4F6E-A570-553469445F05}.Debug|Any CPU.ActiveCfg = Debug|Any CPU
		{0D205FE1-39A5-4F6E-A570-553469445F05}.Debug|Any CPU.Build.0 = Debug|Any CPU
		{0D205FE1-39A5-4F6E-A570-553469445F05}.Debug|x64.ActiveCfg = Debug|x64
		{0D205FE1-39A5-4F6E-A570-553469445F05}.Debug|x64.Build.0 = Debug|x64
		{0D205FE1-39A5-4F6E-A570-553469445F05}.Debug|x86.ActiveCfg = Debug|x86
		{0D205FE1-39A5-4F6E-A570-553469445F05}.Debug|x86.Build.0 = Debug|x86
		{0D205FE1-39A5-4F6E-A570-553469445F05}.Release|Any CPU.ActiveCfg = Release|Any CPU
		{0D205FE1-39A5-4F6E-A570-553469445F05}.Release|Any CPU.Build.0 = Release|Any CPU
		{0D205FE1-39A5-4F6E-A570-553469445F05}.Release|x64.ActiveCfg = Release|x64
		{0D205FE1-39A5-4F6E-A570-553469445F05}.Release|x64.Build.0 = Release|x64
		{0D205FE1-39A5-4F6E-A570-553469445F05}.Release|x86.ActiveCfg = Release|x86
		{0D205FE1-39A5-4F6E-A570-553469445F05}.Release|x86.Build.0 = Release|x86
		{7C52CFEC-52BB-42EE-825D-5DC1E22D7848}.Debug|Any CPU.ActiveCfg = Debug|Any CPU
		{7C52CFEC-52BB-42EE-825D-5DC1E22D7848}.Debug|Any CPU.Build.0 = Debug|Any CPU
		{7C52CFEC-52BB-42EE-825D-5DC1E22D7848}.Debug|x64.ActiveCfg = Debug|Any CPU
		{7C52CFEC-52BB-42EE-825D-5DC1E22D7848}.Debug|x64.Build.0 = Debug|Any CPU
		{7C52CFEC-52BB-42EE-825D-5DC1E22D7848}.Debug|x86.ActiveCfg = Debug|Any CPU
		{7C52CFEC-52BB-42EE-825D-5DC1E22D7848}.Debug|x86.Build.0 = Debug|Any CPU
		{7C52CFEC-52BB-42EE-825D-5DC1E22D7848}.Release|Any CPU.ActiveCfg = Release|Any CPU
		{7C52CFEC-52BB-42EE-825D-5DC1E22D7848}.Release|Any CPU.Build.0 = Release|Any CPU
		{7C52CFEC-52BB-42EE-825D-5DC1E22D7848}.Release|x64.ActiveCfg = Release|Any CPU
		{7C52CFEC-52BB-42EE-825D-5DC1E22D7848}.Release|x64.Build.0 = Release|Any CPU
		{7C52CFEC-52BB-42EE-825D-5DC1E22D7848}.Release|x86.ActiveCfg = Release|Any CPU
		{7C52CFEC-52BB-42EE-825D-5DC1E22D7848}.Release|x86.Build.0 = Release|Any CPU
		{140005B3-43E4-45C9-9B16-5F514F576CEB}.Debug|Any CPU.ActiveCfg = Debug|Any CPU
		{140005B3-43E4-45C9-9B16-5F514F576CEB}.Debug|Any CPU.Build.0 = Debug|Any CPU
		{140005B3-43E4-45C9-9B16-5F514F576CEB}.Debug|x64.ActiveCfg = Debug|Any CPU
		{140005B3-43E4-45C9-9B16-5F514F576CEB}.Debug|x64.Build.0 = Debug|Any CPU
		{140005B3-43E4-45C9-9B16-5F514F576CEB}.Debug|x86.ActiveCfg = Debug|Any CPU
		{140005B3-43E4-45C9-9B16-5F514F576CEB}.Debug|x86.Build.0 = Debug|Any CPU
		{140005B3-43E4-45C9-9B16-5F514F576CEB}.Release|Any CPU.ActiveCfg = Release|Any CPU
		{140005B3-43E4-45C9-9B16-5F514F576CEB}.Release|Any CPU.Build.0 = Release|Any CPU
		{140005B3-43E4-45C9-9B16-5F514F576CEB}.Release|x64.ActiveCfg = Release|Any CPU
		{140005B3-43E4-45C9-9B16-5F514F576CEB}.Release|x64.Build.0 = Release|Any CPU
		{140005B3-43E4-45C9-9B16-5F514F576CEB}.Release|x86.ActiveCfg = Release|Any CPU
		{140005B3-43E4-45C9-9B16-5F514F576CEB}.Release|x86.Build.0 = Release|Any CPU
		{A3F1F7A9-F1B0-4E22-B453-DD8BFE461BC2}.Debug|Any CPU.ActiveCfg = Debug|Any CPU
		{A3F1F7A9-F1B0-4E22-B453-DD8BFE461BC2}.Debug|Any CPU.Build.0 = Debug|Any CPU
		{A3F1F7A9-F1B0-4E22-B453-DD8BFE461BC2}.Debug|x64.ActiveCfg = Debug|Any CPU
		{A3F1F7A9-F1B0-4E22-B453-DD8BFE461BC2}.Debug|x64.Build.0 = Debug|Any CPU
		{A3F1F7A9-F1B0-4E22-B453-DD8BFE461BC2}.Debug|x86.ActiveCfg = Debug|Any CPU
		{A3F1F7A9-F1B0-4E22-B453-DD8BFE461BC2}.Debug|x86.Build.0 = Debug|Any CPU
		{A3F1F7A9-F1B0-4E22-B453-DD8BFE461BC2}.Release|Any CPU.ActiveCfg = Release|Any CPU
		{A3F1F7A9-F1B0-4E22-B453-DD8BFE461BC2}.Release|Any CPU.Build.0 = Release|Any CPU
		{A3F1F7A9-F1B0-4E22-B453-DD8BFE461BC2}.Release|x64.ActiveCfg = Release|Any CPU
		{A3F1F7A9-F1B0-4E22-B453-DD8BFE461BC2}.Release|x64.Build.0 = Release|Any CPU
		{A3F1F7A9-F1B0-4E22-B453-DD8BFE461BC2}.Release|x86.ActiveCfg = Release|Any CPU
		{A3F1F7A9-F1B0-4E22-B453-DD8BFE461BC2}.Release|x86.Build.0 = Release|Any CPU
		{F63318C6-0DC3-4169-8A19-49837D1B1CC4}.Debug|Any CPU.ActiveCfg = Debug|Any CPU
		{F63318C6-0DC3-4169-8A19-49837D1B1CC4}.Debug|Any CPU.Build.0 = Debug|Any CPU
		{F63318C6-0DC3-4169-8A19-49837D1B1CC4}.Debug|x64.ActiveCfg = Debug|Any CPU
		{F63318C6-0DC3-4169-8A19-49837D1B1CC4}.Debug|x64.Build.0 = Debug|Any CPU
		{F63318C6-0DC3-4169-8A19-49837D1B1CC4}.Debug|x86.ActiveCfg = Debug|Any CPU
		{F63318C6-0DC3-4169-8A19-49837D1B1CC4}.Debug|x86.Build.0 = Debug|Any CPU
		{F63318C6-0DC3-4169-8A19-49837D1B1CC4}.Release|Any CPU.ActiveCfg = Release|Any CPU
		{F63318C6-0DC3-4169-8A19-49837D1B1CC4}.Release|Any CPU.Build.0 = Release|Any CPU
		{F63318C6-0DC3-4169-8A19-49837D1B1CC4}.Release|x64.ActiveCfg = Release|Any CPU
		{F63318C6-0DC3-4169-8A19-49837D1B1CC4}.Release|x64.Build.0 = Release|Any CPU
		{F63318C6-0DC3-4169-8A19-49837D1B1CC4}.Release|x86.ActiveCfg = Release|Any CPU
		{F63318C6-0DC3-4169-8A19-49837D1B1CC4}.Release|x86.Build.0 = Release|Any CPU
		{DB35675E-4EED-4200-B3F1-42EC2CAAADEB}.Debug|Any CPU.ActiveCfg = Debug|Any CPU
		{DB35675E-4EED-4200-B3F1-42EC2CAAADEB}.Debug|Any CPU.Build.0 = Debug|Any CPU
		{DB35675E-4EED-4200-B3F1-42EC2CAAADEB}.Debug|x64.ActiveCfg = Debug|Any CPU
		{DB35675E-4EED-4200-B3F1-42EC2CAAADEB}.Debug|x64.Build.0 = Debug|Any CPU
		{DB35675E-4EED-4200-B3F1-42EC2CAAADEB}.Debug|x86.ActiveCfg = Debug|Any CPU
		{DB35675E-4EED-4200-B3F1-42EC2CAAADEB}.Debug|x86.Build.0 = Debug|Any CPU
		{DB35675E-4EED-4200-B3F1-42EC2CAAADEB}.Release|Any CPU.ActiveCfg = Release|Any CPU
		{DB35675E-4EED-4200-B3F1-42EC2CAAADEB}.Release|Any CPU.Build.0 = Release|Any CPU
		{DB35675E-4EED-4200-B3F1-42EC2CAAADEB}.Release|x64.ActiveCfg = Release|Any CPU
		{DB35675E-4EED-4200-B3F1-42EC2CAAADEB}.Release|x64.Build.0 = Release|Any CPU
		{DB35675E-4EED-4200-B3F1-42EC2CAAADEB}.Release|x86.ActiveCfg = Release|Any CPU
		{DB35675E-4EED-4200-B3F1-42EC2CAAADEB}.Release|x86.Build.0 = Release|Any CPU
	EndGlobalSection
	GlobalSection(SolutionProperties) = preSolution
		HideSolutionNode = FALSE
	EndGlobalSection
	GlobalSection(ExtensibilityGlobals) = postSolution
		SolutionGuid = {E80F51F9-E1B4-4BF1-B0C0-5B04E77C3AC3}
	EndGlobalSection
EndGlobal
